// !$*UTF8*$!
{
	archiveVersion = 1;
	classes = {
	};
	objectVersion = 77;
	objects = {

/* Begin PBXContainerItemProxy section */
		1C74E34B2E9EF311003CF66F /* PBXContainerItemProxy */ = {
			isa = PBXContainerItemProxy;
			containerPortal = 1C74E3352E9EF30F003CF66F /* Project object */;
			proxyType = 1;
			remoteGlobalIDString = 1C74E33C2E9EF30F003CF66F;
			remoteInfo = WhyNotTry;
		};
		1C74E3552E9EF311003CF66F /* PBXContainerItemProxy */ = {
			isa = PBXContainerItemProxy;
			containerPortal = 1C74E3352E9EF30F003CF66F /* Project object */;
			proxyType = 1;
			remoteGlobalIDString = 1C74E33C2E9EF30F003CF66F;
			remoteInfo = WhyNotTry;
		};
/* End PBXContainerItemProxy section */

/* Begin PBXFileReference section */
		1C74E33D2E9EF30F003CF66F /* WhyNotTry.app */ = {isa = PBXFileReference; explicitFileType = wrapper.application; includeInIndex = 0; path = WhyNotTry.app; sourceTree = BUILT_PRODUCTS_DIR; };
		1C74E34A2E9EF311003CF66F /* WhyNotTryTests.xctest */ = {isa = PBXFileReference; explicitFileType = wrapper.cfbundle; includeInIndex = 0; path = WhyNotTryTests.xctest; sourceTree = BUILT_PRODUCTS_DIR; };
		1C74E3542E9EF311003CF66F /* WhyNotTryUITests.xctest */ = {isa = PBXFileReference; explicitFileType = wrapper.cfbundle; includeInIndex = 0; path = WhyNotTryUITests.xctest; sourceTree = BUILT_PRODUCTS_DIR; };
/* End PBXFileReference section */

/* Begin PBXFileSystemSynchronizedRootGroup section */
		1C74E33F2E9EF30F003CF66F /* WhyNotTry */ = {
			isa = PBXFileSystemSynchronizedRootGroup;
			path = WhyNotTry;
			sourceTree = "<group>";
		};
		1C74E34D2E9EF311003CF66F /* WhyNotTryTests */ = {
			isa = PBXFileSystemSynchronizedRootGroup;
			path = WhyNotTryTests;
			sourceTree = "<group>";
		};
		1C74E3572E9EF311003CF66F /* WhyNotTryUITests */ = {
			isa = PBXFileSystemSynchronizedRootGroup;
			path = WhyNotTryUITests;
			sourceTree = "<group>";
		};
/* End PBXFileSystemSynchronizedRootGroup section */

/* Begin PBXFrameworksBuildPhase section */
		1C74E33A2E9EF30F003CF66F /* Frameworks */ = {
			isa = PBXFrameworksBuildPhase;
			buildActionMask = 2147483647;
			files = (
			);
			runOnlyForDeploymentPostprocessing = 0;
		};
		1C74E3472E9EF311003CF66F /* Frameworks */ = {
			isa = PBXFrameworksBuildPhase;
			buildActionMask = 2147483647;
			files = (
			);
			runOnlyForDeploymentPostprocessing = 0;
		};
		1C74E3512E9EF311003CF66F /* Frameworks */ = {
			isa = PBXFrameworksBuildPhase;
			buildActionMask = 2147483647;
			files = (
			);
			runOnlyForDeploymentPostprocessing = 0;
		};
/* End PBXFrameworksBuildPhase section */

/* Begin PBXGroup section */
		1C74E3342E9EF30F003CF66F = {
			isa = PBXGroup;
			children = (
				1C74E33F2E9EF30F003CF66F /* WhyNotTry */,
				1C74E34D2E9EF311003CF66F /* WhyNotTryTests */,
				1C74E3572E9EF311003CF66F /* WhyNotTryUITests */,
				1C74E33E2E9EF30F003CF66F /* Products */,
			);
			sourceTree = "<group>";
		};
		1C74E33E2E9EF30F003CF66F /* Products */ = {
			isa = PBXGroup;
			children = (
				1C74E33D2E9EF30F003CF66F /* WhyNotTry.app */,
				1C74E34A2E9EF311003CF66F /* WhyNotTryTests.xctest */,
				1C74E3542E9EF311003CF66F /* WhyNotTryUITests.xctest */,
			);
			name = Products;
			sourceTree = "<group>";
		};
/* End PBXGroup section */

/* Begin PBXNativeTarget section */
		1C74E33C2E9EF30F003CF66F /* WhyNotTry */ = {
			isa = PBXNativeTarget;
			buildConfigurationList = 1C74E35E2E9EF311003CF66F /* Build configuration list for PBXNativeTarget "WhyNotTry" */;
			buildPhases = (
				1C74E3392E9EF30F003CF66F /* Sources */,
				1C74E33A2E9EF30F003CF66F /* Frameworks */,
				1C74E33B2E9EF30F003CF66F /* Resources */,
			);
			buildRules = (
			);
			dependencies = (
			);
			fileSystemSynchronizedGroups = (
				1C74E33F2E9EF30F003CF66F /* WhyNotTry */,
			);
			name = WhyNotTry;
			packageProductDependencies = (
			);
			productName = WhyNotTry;
			productReference = 1C74E33D2E9EF30F003CF66F /* WhyNotTry.app */;
			productType = "com.apple.product-type.application";
		};
		1C74E3492E9EF311003CF66F /* WhyNotTryTests */ = {
			isa = PBXNativeTarget;
			buildConfigurationList = 1C74E3612E9EF311003CF66F /* Build configuration list for PBXNativeTarget "WhyNotTryTests" */;
			buildPhases = (
				1C74E3462E9EF311003CF66F /* Sources */,
				1C74E3472E9EF311003CF66F /* Frameworks */,
				1C74E3482E9EF311003CF66F /* Resources */,
			);
			buildRules = (
			);
			dependencies = (
				1C74E34C2E9EF311003CF66F /* PBXTargetDependency */,
			);
			fileSystemSynchronizedGroups = (
				1C74E34D2E9EF311003CF66F /* WhyNotTryTests */,
			);
			name = WhyNotTryTests;
			packageProductDependencies = (
			);
			productName = WhyNotTryTests;
			productReference = 1C74E34A2E9EF311003CF66F /* WhyNotTryTests.xctest */;
			productType = "com.apple.product-type.bundle.unit-test";
		};
		1C74E3532E9EF311003CF66F /* WhyNotTryUITests */ = {
			isa = PBXNativeTarget;
			buildConfigurationList = 1C74E3642E9EF311003CF66F /* Build configuration list for PBXNativeTarget "WhyNotTryUITests" */;
			buildPhases = (
				1C74E3502E9EF311003CF66F /* Sources */,
				1C74E3512E9EF311003CF66F /* Frameworks */,
				1C74E3522E9EF311003CF66F /* Resources */,
			);
			buildRules = (
			);
			dependencies = (
				1C74E3562E9EF311003CF66F /* PBXTargetDependency */,
			);
			fileSystemSynchronizedGroups = (
				1C74E3572E9EF311003CF66F /* WhyNotTryUITests */,
			);
			name = WhyNotTryUITests;
			packageProductDependencies = (
			);
			productName = WhyNotTryUITests;
			productReference = 1C74E3542E9EF311003CF66F /* WhyNotTryUITests.xctest */;
			productType = "com.apple.product-type.bundle.ui-testing";
		};
/* End PBXNativeTarget section */

/* Begin PBXProject section */
		1C74E3352E9EF30F003CF66F /* Project object */ = {
			isa = PBXProject;
			attributes = {
				BuildIndependentTargetsInParallel = 1;
				LastSwiftUpdateCheck = 1640;
				LastUpgradeCheck = 1640;
				TargetAttributes = {
					1C74E33C2E9EF30F003CF66F = {
						CreatedOnToolsVersion = 16.4;
					};
					1C74E3492E9EF311003CF66F = {
						CreatedOnToolsVersion = 16.4;
						TestTargetID = 1C74E33C2E9EF30F003CF66F;
					};
					1C74E3532E9EF311003CF66F = {
						CreatedOnToolsVersion = 16.4;
						TestTargetID = 1C74E33C2E9EF30F003CF66F;
					};
				};
			};
			buildConfigurationList = 1C74E3382E9EF30F003CF66F /* Build configuration list for PBXProject "WhyNotTry" */;
			developmentRegion = en;
			hasScannedForEncodings = 0;
			knownRegions = (
				en,
				Base,
			);
			mainGroup = 1C74E3342E9EF30F003CF66F;
			minimizedProjectReferenceProxies = 1;
			preferredProjectObjectVersion = 77;
			productRefGroup = 1C74E33E2E9EF30F003CF66F /* Products */;
			projectDirPath = "";
			projectRoot = "";
			targets = (
				1C74E33C2E9EF30F003CF66F /* WhyNotTry */,
				1C74E3492E9EF311003CF66F /* WhyNotTryTests */,
				1C74E3532E9EF311003CF66F /* WhyNotTryUITests */,
			);
		};
/* End PBXProject section */

/* Begin PBXResourcesBuildPhase section */
		1C74E33B2E9EF30F003CF66F /* Resources */ = {
			isa = PBXResourcesBuildPhase;
			buildActionMask = 2147483647;
			files = (
			);
			runOnlyForDeploymentPostprocessing = 0;
		};
		1C74E3482E9EF311003CF66F /* Resources */ = {
			isa = PBXResourcesBuildPhase;
			buildActionMask = 2147483647;
			files = (
			);
			runOnlyForDeploymentPostprocessing = 0;
		};
		1C74E3522E9EF311003CF66F /* Resources */ = {
			isa = PBXResourcesBuildPhase;
			buildActionMask = 2147483647;
			files = (
			);
			runOnlyForDeploymentPostprocessing = 0;
		};
/* End PBXResourcesBuildPhase section */

/* Begin PBXSourcesBuildPhase section */
		1C74E3392E9EF30F003CF66F /* Sources */ = {
			isa = PBXSourcesBuildPhase;
			buildActionMask = 2147483647;
			files = (
			);
			runOnlyForDeploymentPostprocessing = 0;
		};
		1C74E3462E9EF311003CF66F /* Sources */ = {
			isa = PBXSourcesBuildPhase;
			buildActionMask = 2147483647;
			files = (
			);
			runOnlyForDeploymentPostprocessing = 0;
		};
		1C74E3502E9EF311003CF66F /* Sources */ = {
			isa = PBXSourcesBuildPhase;
			buildActionMask = 2147483647;
			files = (
			);
			runOnlyForDeploymentPostprocessing = 0;
		};
/* End PBXSourcesBuildPhase section */

/* Begin PBXTargetDependency section */
		1C74E34C2E9EF311003CF66F /* PBXTargetDependency */ = {
			isa = PBXTargetDependency;
			target = 1C74E33C2E9EF30F003CF66F /* WhyNotTry */;
			targetProxy = 1C74E34B2E9EF311003CF66F /* PBXContainerItemProxy */;
		};
		1C74E3562E9EF311003CF66F /* PBXTargetDependency */ = {
			isa = PBXTargetDependency;
			target = 1C74E33C2E9EF30F003CF66F /* WhyNotTry */;
			targetProxy = 1C74E3552E9EF311003CF66F /* PBXContainerItemProxy */;
		};
/* End PBXTargetDependency section */

/* Begin XCBuildConfiguration section */
		1C74E35C2E9EF311003CF66F /* Debug */ = {
			isa = XCBuildConfiguration;
			buildSettings = {
				ALWAYS_SEARCH_USER_PATHS = NO;
				ASSETCATALOG_COMPILER_GENERATE_SWIFT_ASSET_SYMBOL_EXTENSIONS = YES;
				CLANG_ANALYZER_NONNULL = YES;
				CLANG_ANALYZER_NUMBER_OBJECT_CONVERSION = YES_AGGRESSIVE;
				CLANG_CXX_LANGUAGE_STANDARD = "gnu++20";
				CLANG_ENABLE_MODULES = YES;
				CLANG_ENABLE_OBJC_ARC = YES;
				CLANG_ENABLE_OBJC_WEAK = YES;
				CLANG_WARN_BLOCK_CAPTURE_AUTORELEASING = YES;
				CLANG_WARN_BOOL_CONVERSION = YES;
				CLANG_WARN_COMMA = YES;
				CLANG_WARN_CONSTANT_CONVERSION = YES;
				CLANG_WARN_DEPRECATED_OBJC_IMPLEMENTATIONS = YES;
				CLANG_WARN_DIRECT_OBJC_ISA_USAGE = YES_ERROR;
				CLANG_WARN_DOCUMENTATION_COMMENTS = YES;
				CLANG_WARN_EMPTY_BODY = YES;
				CLANG_WARN_ENUM_CONVERSION = YES;
				CLANG_WARN_INFINITE_RECURSION = YES;
				CLANG_WARN_INT_CONVERSION = YES;
				CLANG_WARN_NON_LITERAL_NULL_CONVERSION = YES;
				CLANG_WARN_OBJC_IMPLICIT_RETAIN_SELF = YES;
				CLANG_WARN_OBJC_LITERAL_CONVERSION = YES;
				CLANG_WARN_OBJC_ROOT_CLASS = YES_ERROR;
				CLANG_WARN_QUOTED_INCLUDE_IN_FRAMEWORK_HEADER = YES;
				CLANG_WARN_RANGE_LOOP_ANALYSIS = YES;
				CLANG_WARN_STRICT_PROTOTYPES = YES;
				CLANG_WARN_SUSPICIOUS_MOVE = YES;
				CLANG_WARN_UNGUARDED_AVAILABILITY = YES_AGGRESSIVE;
				CLANG_WARN_UNREACHABLE_CODE = YES;
				CLANG_WARN__DUPLICATE_METHOD_MATCH = YES;
				COPY_PHASE_STRIP = NO;
				DEBUG_INFORMATION_FORMAT = dwarf;
				DEVELOPMENT_TEAM = 3SGXPJAJQJ;
				ENABLE_STRICT_OBJC_MSGSEND = YES;
				ENABLE_TESTABILITY = YES;
				ENABLE_USER_SCRIPT_SANDBOXING = YES;
				GCC_C_LANGUAGE_STANDARD = gnu17;
				GCC_DYNAMIC_NO_PIC = NO;
				GCC_NO_COMMON_BLOCKS = YES;
				GCC_OPTIMIZATION_LEVEL = 0;
				GCC_PREPROCESSOR_DEFINITIONS = (
					"DEBUG=1",
					"$(inherited)",
				);
				GCC_WARN_64_TO_32_BIT_CONVERSION = YES;
				GCC_WARN_ABOUT_RETURN_TYPE = YES_ERROR;
				GCC_WARN_UNDECLARED_SELECTOR = YES;
				GCC_WARN_UNINITIALIZED_AUTOS = YES_AGGRESSIVE;
				GCC_WARN_UNUSED_FUNCTION = YES;
				GCC_WARN_UNUSED_VARIABLE = YES;
				IPHONEOS_DEPLOYMENT_TARGET = 18.5;
				LOCALIZATION_PREFERS_STRING_CATALOGS = YES;
				MTL_ENABLE_DEBUG_INFO = INCLUDE_SOURCE;
				MTL_FAST_MATH = YES;
				ONLY_ACTIVE_ARCH = YES;
				SDKROOT = iphoneos;
				SWIFT_ACTIVE_COMPILATION_CONDITIONS = "DEBUG $(inherited)";
				SWIFT_OPTIMIZATION_LEVEL = "-Onone";
			};
			name = Debug;
		};
		1C74E35D2E9EF311003CF66F /* Release */ = {
			isa = XCBuildConfiguration;
			buildSettings = {
				ALWAYS_SEARCH_USER_PATHS = NO;
				ASSETCATALOG_COMPILER_GENERATE_SWIFT_ASSET_SYMBOL_EXTENSIONS = YES;
				CLANG_ANALYZER_NONNULL = YES;
				CLANG_ANALYZER_NUMBER_OBJECT_CONVERSION = YES_AGGRESSIVE;
				CLANG_CXX_LANGUAGE_STANDARD = "gnu++20";
				CLANG_ENABLE_MODULES = YES;
				CLANG_ENABLE_OBJC_ARC = YES;
				CLANG_ENABLE_OBJC_WEAK = YES;
				CLANG_WARN_BLOCK_CAPTURE_AUTORELEASING = YES;
				CLANG_WARN_BOOL_CONVERSION = YES;
				CLANG_WARN_COMMA = YES;
				CLANG_WARN_CONSTANT_CONVERSION = YES;
				CLANG_WARN_DEPRECATED_OBJC_IMPLEMENTATIONS = YES;
				CLANG_WARN_DIRECT_OBJC_ISA_USAGE = YES_ERROR;
				CLANG_WARN_DOCUMENTATION_COMMENTS = YES;
				CLANG_WARN_EMPTY_BODY = YES;
				CLANG_WARN_ENUM_CONVERSION = YES;
				CLANG_WARN_INFINITE_RECURSION = YES;
				CLANG_WARN_INT_CONVERSION = YES;
				CLANG_WARN_NON_LITERAL_NULL_CONVERSION = YES;
				CLANG_WARN_OBJC_IMPLICIT_RETAIN_SELF = YES;
				CLANG_WARN_OBJC_LITERAL_CONVERSION = YES;
				CLANG_WARN_OBJC_ROOT_CLASS = YES_ERROR;
				CLANG_WARN_QUOTED_INCLUDE_IN_FRAMEWORK_HEADER = YES;
				CLANG_WARN_RANGE_LOOP_ANALYSIS = YES;
				CLANG_WARN_STRICT_PROTOTYPES = YES;
				CLANG_WARN_SUSPICIOUS_MOVE = YES;
				CLANG_WARN_UNGUARDED_AVAILABILITY = YES_AGGRESSIVE;
				CLANG_WARN_UNREACHABLE_CODE = YES;
				CLANG_WARN__DUPLICATE_METHOD_MATCH = YES;
				COPY_PHASE_STRIP = NO;
				DEBUG_INFORMATION_FORMAT = "dwarf-with-dsym";
				DEVELOPMENT_TEAM = 3SGXPJAJQJ;
				ENABLE_NS_ASSERTIONS = NO;
				ENABLE_STRICT_OBJC_MSGSEND = YES;
				ENABLE_USER_SCRIPT_SANDBOXING = YES;
				GCC_C_LANGUAGE_STANDARD = gnu17;
				GCC_NO_COMMON_BLOCKS = YES;
				GCC_WARN_64_TO_32_BIT_CONVERSION = YES;
				GCC_WARN_ABOUT_RETURN_TYPE = YES_ERROR;
				GCC_WARN_UNDECLARED_SELECTOR = YES;
				GCC_WARN_UNINITIALIZED_AUTOS = YES_AGGRESSIVE;
				GCC_WARN_UNUSED_FUNCTION = YES;
				GCC_WARN_UNUSED_VARIABLE = YES;
				IPHONEOS_DEPLOYMENT_TARGET = 18.5;
				LOCALIZATION_PREFERS_STRING_CATALOGS = YES;
				MTL_ENABLE_DEBUG_INFO = NO;
				MTL_FAST_MATH = YES;
				SDKROOT = iphoneos;
				SWIFT_COMPILATION_MODE = wholemodule;
				VALIDATE_PRODUCT = YES;
			};
			name = Release;
		};
		1C74E35F2E9EF311003CF66F /* Debug */ = {
			isa = XCBuildConfiguration;
			buildSettings = {
				ASSETCATALOG_COMPILER_APPICON_NAME = AppIcon;
				ASSETCATALOG_COMPILER_GLOBAL_ACCENT_COLOR_NAME = AccentColor;
				CODE_SIGN_STYLE = Automatic;
				CURRENT_PROJECT_VERSION = 1;
				DEVELOPMENT_TEAM = 3SGXPJAJQJ;
				ENABLE_PREVIEWS = YES;
				GENERATE_INFOPLIST_FILE = YES;
				INFOPLIST_KEY_UIApplicationSceneManifest_Generation = YES;
				INFOPLIST_KEY_UIApplicationSupportsIndirectInputEvents = YES;
				INFOPLIST_KEY_UILaunchScreen_Generation = YES;
				INFOPLIST_KEY_UISupportedInterfaceOrientations_iPad = "UIInterfaceOrientationPortrait UIInterfaceOrientationPortraitUpsideDown UIInterfaceOrientationLandscapeLeft UIInterfaceOrientationLandscapeRight";
				INFOPLIST_KEY_UISupportedInterfaceOrientations_iPhone = "UIInterfaceOrientationPortrait UIInterfaceOrientationLandscapeLeft UIInterfaceOrientationLandscapeRight";
				LD_RUNPATH_SEARCH_PATHS = (
					"$(inherited)",
					"@executable_path/Frameworks",
				);
				MARKETING_VERSION = 1.0;
				PRODUCT_BUNDLE_IDENTIFIER = CTC.WhyNotTry;
				PRODUCT_NAME = "$(TARGET_NAME)";
				SWIFT_EMIT_LOC_STRINGS = YES;
				SWIFT_VERSION = 5.0;
				TARGETED_DEVICE_FAMILY = "1,2";
			};
			name = Debug;
		};
		1C74E3602E9EF311003CF66F /* Release */ = {
			isa = XCBuildConfiguration;
			buildSettings = {
				ASSETCATALOG_COMPILER_APPICON_NAME = AppIcon;
				ASSETCATALOG_COMPILER_GLOBAL_ACCENT_COLOR_NAME = AccentColor;
				CODE_SIGN_STYLE = Automatic;
				CURRENT_PROJECT_VERSION = 1;
				DEVELOPMENT_TEAM = 3SGXPJAJQJ;
				ENABLE_PREVIEWS = YES;
				GENERATE_INFOPLIST_FILE = YES;
				INFOPLIST_KEY_UIApplicationSceneManifest_Generation = YES;
				INFOPLIST_KEY_UIApplicationSupportsIndirectInputEvents = YES;
				INFOPLIST_KEY_UILaunchScreen_Generation = YES;
				INFOPLIST_KEY_UISupportedInterfaceOrientations_iPad = "UIInterfaceOrientationPortrait UIInterfaceOrientationPortraitUpsideDown UIInterfaceOrientationLandscapeLeft UIInterfaceOrientationLandscapeRight";
				INFOPLIST_KEY_UISupportedInterfaceOrientations_iPhone = "UIInterfaceOrientationPortrait UIInterfaceOrientationLandscapeLeft UIInterfaceOrientationLandscapeRight";
				LD_RUNPATH_SEARCH_PATHS = (
					"$(inherited)",
					"@executable_path/Frameworks",
				);
				MARKETING_VERSION = 1.0;
				PRODUCT_BUNDLE_IDENTIFIER = CTC.WhyNotTry;
				PRODUCT_NAME = "$(TARGET_NAME)";
				SWIFT_EMIT_LOC_STRINGS = YES;
				SWIFT_VERSION = 5.0;
				TARGETED_DEVICE_FAMILY = "1,2";
			};
			name = Release;
		};
		1C74E3622E9EF311003CF66F /* Debug */ = {
			isa = XCBuildConfiguration;
			buildSettings = {
				BUNDLE_LOADER = "$(TEST_HOST)";
				CODE_SIGN_STYLE = Automatic;
				CURRENT_PROJECT_VERSION = 1;
				DEVELOPMENT_TEAM = 3SGXPJAJQJ;
				GENERATE_INFOPLIST_FILE = YES;
				IPHONEOS_DEPLOYMENT_TARGET = 18.5;
				MARKETING_VERSION = 1.0;
				PRODUCT_BUNDLE_IDENTIFIER = CTC.WhyNotTryTests;
				PRODUCT_NAME = "$(TARGET_NAME)";
				SWIFT_EMIT_LOC_STRINGS = NO;
				SWIFT_VERSION = 5.0;
				TARGETED_DEVICE_FAMILY = "1,2";
				TEST_HOST = "$(BUILT_PRODUCTS_DIR)/WhyNotTry.app/$(BUNDLE_EXECUTABLE_FOLDER_PATH)/WhyNotTry";
			};
			name = Debug;
		};
		1C74E3632E9EF311003CF66F /* Release */ = {
			isa = XCBuildConfiguration;
			buildSettings = {
				BUNDLE_LOADER = "$(TEST_HOST)";
				CODE_SIGN_STYLE = Automatic;
				CURRENT_PROJECT_VERSION = 1;
				DEVELOPMENT_TEAM = 3SGXPJAJQJ;
				GENERATE_INFOPLIST_FILE = YES;
				IPHONEOS_DEPLOYMENT_TARGET = 18.5;
				MARKETING_VERSION = 1.0;
				PRODUCT_BUNDLE_IDENTIFIER = CTC.WhyNotTryTests;
				PRODUCT_NAME = "$(TARGET_NAME)";
				SWIFT_EMIT_LOC_STRINGS = NO;
				SWIFT_VERSION = 5.0;
				TARGETED_DEVICE_FAMILY = "1,2";
				TEST_HOST = "$(BUILT_PRODUCTS_DIR)/WhyNotTry.app/$(BUNDLE_EXECUTABLE_FOLDER_PATH)/WhyNotTry";
			};
			name = Release;
		};
		1C74E3652E9EF311003CF66F /* Debug */ = {
			isa = XCBuildConfiguration;
			buildSettings = {
				CODE_SIGN_STYLE = Automatic;
				CURRENT_PROJECT_VERSION = 1;
				DEVELOPMENT_TEAM = 3SGXPJAJQJ;
				GENERATE_INFOPLIST_FILE = YES;
				MARKETING_VERSION = 1.0;
				PRODUCT_BUNDLE_IDENTIFIER = CTC.WhyNotTryUITests;
				PRODUCT_NAME = "$(TARGET_NAME)";
				SWIFT_EMIT_LOC_STRINGS = NO;
				SWIFT_VERSION = 5.0;
				TARGETED_DEVICE_FAMILY = "1,2";
				TEST_TARGET_NAME = WhyNotTry;
			};
			name = Debug;
		};
		1C74E3662E9EF311003CF66F /* Release */ = {
			isa = XCBuildConfiguration;
			buildSettings = {
				CODE_SIGN_STYLE = Automatic;
				CURRENT_PROJECT_VERSION = 1;
				DEVELOPMENT_TEAM = 3SGXPJAJQJ;
				GENERATE_INFOPLIST_FILE = YES;
				MARKETING_VERSION = 1.0;
				PRODUCT_BUNDLE_IDENTIFIER = CTC.WhyNotTryUITests;
				PRODUCT_NAME = "$(TARGET_NAME)";
				SWIFT_EMIT_LOC_STRINGS = NO;
				SWIFT_VERSION = 5.0;
				TARGETED_DEVICE_FAMILY = "1,2";
				TEST_TARGET_NAME = WhyNotTry;
			};
			name = Release;
		};
/* End XCBuildConfiguration section */

/* Begin XCConfigurationList section */
		1C74E3382E9EF30F003CF66F /* Build configuration list for PBXProject "WhyNotTry" */ = {
			isa = XCConfigurationList;
			buildConfigurations = (
				1C74E35C2E9EF311003CF66F /* Debug */,
				1C74E35D2E9EF311003CF66F /* Release */,
			);
			defaultConfigurationIsVisible = 0;
			defaultConfigurationName = Release;
		};
		1C74E35E2E9EF311003CF66F /* Build configuration list for PBXNativeTarget "WhyNotTry" */ = {
			isa = XCConfigurationList;
			buildConfigurations = (
				1C74E35F2E9EF311003CF66F /* Debug */,
				1C74E3602E9EF311003CF66F /* Release */,
			);
			defaultConfigurationIsVisible = 0;
			defaultConfigurationName = Release;
		};
		1C74E3612E9EF311003CF66F /* Build configuration list for PBXNativeTarget "WhyNotTryTests" */ = {
			isa = XCConfigurationList;
			buildConfigurations = (
				1C74E3622E9EF311003CF66F /* Debug */,
				1C74E3632E9EF311003CF66F /* Release */,
			);
			defaultConfigurationIsVisible = 0;
			defaultConfigurationName = Release;
		};
		1C74E3642E9EF311003CF66F /* Build configuration list for PBXNativeTarget "WhyNotTryUITests" */ = {
			isa = XCConfigurationList;
			buildConfigurations = (
				1C74E3652E9EF311003CF66F /* Debug */,
				1C74E3662E9EF311003CF66F /* Release */,
			);
			defaultConfigurationIsVisible = 0;
			defaultConfigurationName = Release;
		};
/* End XCConfigurationList section */
	};
	rootObject = 1C74E3352E9EF30F003CF66F /* Project object */;
}
